
Microsoft Visual Studio Solution File, Format Version 12.00
# Visual Studio 15
VisualStudioVersion = 15.0.35213.121
MinimumVisualStudioVersion = 10.0.40219.1
Project("{FAE04EC0-301F-11D3-BF4B-00C04F79EFBC}") = "Ev_ve_Oda_uml", "Ev_ve_Oda_uml\Ev_ve_Oda_uml.csproj", "{5918D717-F0AA-4D68-B109-C0F0153876DC}"
EndProject
Global
	GlobalSection(SolutionConfigurationPlatforms) = preSolution
		Debug|Any CPU = Debug|Any CPU
		Release|Any CPU = Release|Any CPU
	EndGlobalSection
	GlobalSection(ProjectConfigurationPlatforms) = postSolution
		{5918D717-F0AA-4D68-B109-C0F0153876DC}.Debug|Any CPU.ActiveCfg = Debug|Any CPU
		{5918D717-F0AA-4D68-B109-C0F0153876DC}.Debug|Any CPU.Build.0 = Debug|Any CPU
		{5918D717-F0AA-4D68-B109-C0F0153876DC}.Release|Any CPU.ActiveCfg = Release|Any CPU
		{5918D717-F0AA-4D68-B109-C0F0153876DC}.Release|Any CPU.Build.0 = Release|Any CPU
	EndGlobalSection
	GlobalSection(SolutionProperties) = preSolution
		HideSolutionNode = FALSE
	EndGlobalSection
	GlobalSection(ExtensibilityGlobals) = postSolution
		SolutionGuid = {05A7CB4E-906F-4D07-973C-B87FE0A266CC}
	EndGlobalSection
EndGlobal
