
Microsoft Visual Studio Solution File, Format Version 12.00
# Visual Studio 15
VisualStudioVersion = 15.0.35213.121
MinimumVisualStudioVersion = 10.0.40219.1
Project("{FAE04EC0-301F-11D3-BF4B-00C04F79EFBC}") = "Bilgisayar_Islemci_uml", "Bilgisayar_Islemci_uml\Bilgisayar_Islemci_uml.csproj", "{9AB925DF-1570-47AF-AAB0-B7F2523FA461}"
EndProject
Global
	GlobalSection(SolutionConfigurationPlatforms) = preSolution
		Debug|Any CPU = Debug|Any CPU
		Release|Any CPU = Release|Any CPU
	EndGlobalSection
	GlobalSection(ProjectConfigurationPlatforms) = postSolution
		{9AB925DF-1570-47AF-AAB0-B7F2523FA461}.Debug|Any CPU.ActiveCfg = Debug|Any CPU
		{9AB925DF-1570-47AF-AAB0-B7F2523FA461}.Debug|Any CPU.Build.0 = Debug|Any CPU
		{9AB925DF-1570-47AF-AAB0-B7F2523FA461}.Release|Any CPU.ActiveCfg = Release|Any CPU
		{9AB925DF-1570-47AF-AAB0-B7F2523FA461}.Release|Any CPU.Build.0 = Release|Any CPU
	EndGlobalSection
	GlobalSection(SolutionProperties) = preSolution
		HideSolutionNode = FALSE
	EndGlobalSection
	GlobalSection(ExtensibilityGlobals) = postSolution
		SolutionGuid = {32A9ACDD-D738-43AC-9446-0A088A510D72}
	EndGlobalSection
EndGlobal
