
Microsoft Visual Studio Solution File, Format Version 12.00
# Visual Studio 15
VisualStudioVersion = 15.0.35213.121
MinimumVisualStudioVersion = 10.0.40219.1
Project("{FAE04EC0-301F-11D3-BF4B-00C04F79EFBC}") = "Musteri_Siparis_uml", "Musteri_Siparis_uml\Musteri_Siparis_uml.csproj", "{1D0491A6-93E0-4837-B378-DC9F7362242A}"
EndProject
Global
	GlobalSection(SolutionConfigurationPlatforms) = preSolution
		Debug|Any CPU = Debug|Any CPU
		Release|Any CPU = Release|Any CPU
	EndGlobalSection
	GlobalSection(ProjectConfigurationPlatforms) = postSolution
		{1D0491A6-93E0-4837-B378-DC9F7362242A}.Debug|Any CPU.ActiveCfg = Debug|Any CPU
		{1D0491A6-93E0-4837-B378-DC9F7362242A}.Debug|Any CPU.Build.0 = Debug|Any CPU
		{1D0491A6-93E0-4837-B378-DC9F7362242A}.Release|Any CPU.ActiveCfg = Release|Any CPU
		{1D0491A6-93E0-4837-B378-DC9F7362242A}.Release|Any CPU.Build.0 = Release|Any CPU
	EndGlobalSection
	GlobalSection(SolutionProperties) = preSolution
		HideSolutionNode = FALSE
	EndGlobalSection
	GlobalSection(ExtensibilityGlobals) = postSolution
		SolutionGuid = {86ACD4DD-F485-48B9-83CD-D9957EBCA3B0}
	EndGlobalSection
EndGlobal
