
Microsoft Visual Studio Solution File, Format Version 12.00
# Visual Studio 15
VisualStudioVersion = 15.0.35213.121
MinimumVisualStudioVersion = 10.0.40219.1
Project("{FAE04EC0-301F-11D3-BF4B-00C04F79EFBC}") = "YazarKitap_uml", "YazarKitap_uml\YazarKitap_uml.csproj", "{567DA2C4-699E-4641-8213-8DDF62B4D3FD}"
EndProject
Global
	GlobalSection(SolutionConfigurationPlatforms) = preSolution
		Debug|Any CPU = Debug|Any CPU
		Release|Any CPU = Release|Any CPU
	EndGlobalSection
	GlobalSection(ProjectConfigurationPlatforms) = postSolution
		{567DA2C4-699E-4641-8213-8DDF62B4D3FD}.Debug|Any CPU.ActiveCfg = Debug|Any CPU
		{567DA2C4-699E-4641-8213-8DDF62B4D3FD}.Debug|Any CPU.Build.0 = Debug|Any CPU
		{567DA2C4-699E-4641-8213-8DDF62B4D3FD}.Release|Any CPU.ActiveCfg = Release|Any CPU
		{567DA2C4-699E-4641-8213-8DDF62B4D3FD}.Release|Any CPU.Build.0 = Release|Any CPU
	EndGlobalSection
	GlobalSection(SolutionProperties) = preSolution
		HideSolutionNode = FALSE
	EndGlobalSection
	GlobalSection(ExtensibilityGlobals) = postSolution
		SolutionGuid = {1CB1E72C-AB31-43D3-A21D-B67056617926}
	EndGlobalSection
EndGlobal
